
Microsoft Visual Studio Solution File, Format Version 12.00
# Visual Studio Version 16
VisualStudioVersion = 16.0.29009.5
MinimumVisualStudioVersion = 10.0.40219.1
Project("{FAE04EC0-301F-11D3-BF4B-00C04F79EFBC}") = "AnimalTinder", "AnimalTinder\AnimalTinder.csproj", "{8D684A0F-07D4-4B0C-9195-919570BA56E4}"
EndProject
Global
	GlobalSection(SolutionConfigurationPlatforms) = preSolution
		Debug|Any CPU = Debug|Any CPU
		Release|Any CPU = Release|Any CPU
	EndGlobalSection
	GlobalSection(ProjectConfigurationPlatforms) = postSolution
		{8D684A0F-07D4-4B0C-9195-919570BA56E4}.Debug|Any CPU.ActiveCfg = Debug|Any CPU
		{8D684A0F-07D4-4B0C-9195-919570BA56E4}.Debug|Any CPU.Build.0 = Debug|Any CPU
		{8D684A0F-07D4-4B0C-9195-919570BA56E4}.Release|Any CPU.ActiveCfg = Release|Any CPU
		{8D684A0F-07D4-4B0C-9195-919570BA56E4}.Release|Any CPU.Build.0 = Release|Any CPU
	EndGlobalSection
	GlobalSection(SolutionProperties) = preSolution
		HideSolutionNode = FALSE
	EndGlobalSection
	GlobalSection(ExtensibilityGlobals) = postSolution
		SolutionGuid = {BBAA3EB9-4426-4B5B-9174-17059AF348C4}
	EndGlobalSection
EndGlobal
